
Microsoft Visual Studio Solution File, Format Version 12.00
# Visual Studio Version 16
VisualStudioVersion = 16.0.32126.315
MinimumVisualStudioVersion = 10.0.40219.1
Project("{FAE04EC0-301F-11D3-BF4B-00C04F79EFBC}") = "myConsoleProject.cs", "myConsoleProject.cs.csproj", "{5CBE82AF-F2BC-4F80-9F46-1A5A20097099}"
EndProject
Global
	GlobalSection(SolutionConfigurationPlatforms) = preSolution
		Debug|Any CPU = Debug|Any CPU
		Release|Any CPU = Release|Any CPU
	EndGlobalSection
	GlobalSection(ProjectConfigurationPlatforms) = postSolution
		{5CBE82AF-F2BC-4F80-9F46-1A5A20097099}.Debug|Any CPU.ActiveCfg = Debug|Any CPU
		{5CBE82AF-F2BC-4F80-9F46-1A5A20097099}.Debug|Any CPU.Build.0 = Debug|Any CPU
		{5CBE82AF-F2BC-4F80-9F46-1A5A20097099}.Release|Any CPU.ActiveCfg = Release|Any CPU
		{5CBE82AF-F2BC-4F80-9F46-1A5A20097099}.Release|Any CPU.Build.0 = Release|Any CPU
	EndGlobalSection
	GlobalSection(SolutionProperties) = preSolution
		HideSolutionNode = FALSE
	EndGlobalSection
	GlobalSection(ExtensibilityGlobals) = postSolution
		SolutionGuid = {224CAD31-197C-4372-9CD7-8D02A61ABFE9}
	EndGlobalSection
EndGlobal
